// !$*UTF8*$!
{
	archiveVersion = 1;
	classes = {
	};
	objectVersion = 77;
	objects = {

/* Begin PBXBuildFile section */
		F0F24FFA2D7865B90082D068 /* amplify_outputs.json in Resources */ = {isa = PBXBuildFile; fileRef = F0F24FF92D7865B90082D068 /* amplify_outputs.json */; };
		F0F24FFD2D7865F80082D068 /* AWSCognitoAuthPlugin in Frameworks */ = {isa = PBXBuildFile; productRef = F0F24FFC2D7865F80082D068 /* AWSCognitoAuthPlugin */; };
		F0F24FFF2D7865F80082D068 /* Amplify in Frameworks */ = {isa = PBXBuildFile; productRef = F0F24FFE2D7865F80082D068 /* Amplify */; };
		F0F250022D7866440082D068 /* Authenticator in Frameworks */ = {isa = PBXBuildFile; productRef = F0F250012D7866440082D068 /* Authenticator */; };
/* End PBXBuildFile section */

/* Begin PBXContainerItemProxy section */
		F0F24FDD2D7854590082D068 /* PBXContainerItemProxy */ = {
			isa = PBXContainerItemProxy;
			containerPortal = F0F24FC42D7854590082D068 /* Project object */;
			proxyType = 1;
			remoteGlobalIDString = F0F24FCB2D7854590082D068;
			remoteInfo = "DietDice-v2";
		};
		F0F24FE72D7854590082D068 /* PBXContainerItemProxy */ = {
			isa = PBXContainerItemProxy;
			containerPortal = F0F24FC42D7854590082D068 /* Project object */;
			proxyType = 1;
			remoteGlobalIDString = F0F24FCB2D7854590082D068;
			remoteInfo = "DietDice-v2";
		};
/* End PBXContainerItemProxy section */

/* Begin PBXFileReference section */
		F0F24FCC2D7854590082D068 /* DietDice-v2.app */ = {isa = PBXFileReference; explicitFileType = wrapper.application; includeInIndex = 0; path = "DietDice-v2.app"; sourceTree = BUILT_PRODUCTS_DIR; };
		F0F24FDC2D7854590082D068 /* DietDice-v2Tests.xctest */ = {isa = PBXFileReference; explicitFileType = wrapper.cfbundle; includeInIndex = 0; path = "DietDice-v2Tests.xctest"; sourceTree = BUILT_PRODUCTS_DIR; };
		F0F24FE62D7854590082D068 /* DietDice-v2UITests.xctest */ = {isa = PBXFileReference; explicitFileType = wrapper.cfbundle; includeInIndex = 0; path = "DietDice-v2UITests.xctest"; sourceTree = BUILT_PRODUCTS_DIR; };
		F0F24FF92D7865B90082D068 /* amplify_outputs.json */ = {isa = PBXFileReference; lastKnownFileType = text.json; path = amplify_outputs.json; sourceTree = "<group>"; };
/* End PBXFileReference section */

/* Begin PBXFileSystemSynchronizedRootGroup section */
		F0F24FCE2D7854590082D068 /* DietDice-v2 */ = {
			isa = PBXFileSystemSynchronizedRootGroup;
			path = "DietDice-v2";
			sourceTree = "<group>";
		};
		F0F24FDF2D7854590082D068 /* DietDice-v2Tests */ = {
			isa = PBXFileSystemSynchronizedRootGroup;
			path = "DietDice-v2Tests";
			sourceTree = "<group>";
		};
		F0F24FE92D7854590082D068 /* DietDice-v2UITests */ = {
			isa = PBXFileSystemSynchronizedRootGroup;
			path = "DietDice-v2UITests";
			sourceTree = "<group>";
		};
/* End PBXFileSystemSynchronizedRootGroup section */

/* Begin PBXFrameworksBuildPhase section */
		F0F24FC92D7854590082D068 /* Frameworks */ = {
			isa = PBXFrameworksBuildPhase;
			buildActionMask = 2147483647;
			files = (
				F0F24FFD2D7865F80082D068 /* AWSCognitoAuthPlugin in Frameworks */,
				F0F24FFF2D7865F80082D068 /* Amplify in Frameworks */,
				F0F250022D7866440082D068 /* Authenticator in Frameworks */,
			);
			runOnlyForDeploymentPostprocessing = 0;
		};
		F0F24FD92D7854590082D068 /* Frameworks */ = {
			isa = PBXFrameworksBuildPhase;
			buildActionMask = 2147483647;
			files = (
			);
			runOnlyForDeploymentPostprocessing = 0;
		};
		F0F24FE32D7854590082D068 /* Frameworks */ = {
			isa = PBXFrameworksBuildPhase;
			buildActionMask = 2147483647;
			files = (
			);
			runOnlyForDeploymentPostprocessing = 0;
		};
/* End PBXFrameworksBuildPhase section */

/* Begin PBXGroup section */
		F0F24FC32D7854590082D068 = {
			isa = PBXGroup;
			children = (
				F0F24FCE2D7854590082D068 /* DietDice-v2 */,
				F0F24FDF2D7854590082D068 /* DietDice-v2Tests */,
				F0F24FE92D7854590082D068 /* DietDice-v2UITests */,
				F0F24FF92D7865B90082D068 /* amplify_outputs.json */,
				F0F24FCD2D7854590082D068 /* Products */,
			);
			sourceTree = "<group>";
		};
		F0F24FCD2D7854590082D068 /* Products */ = {
			isa = PBXGroup;
			children = (
				F0F24FCC2D7854590082D068 /* DietDice-v2.app */,
				F0F24FDC2D7854590082D068 /* DietDice-v2Tests.xctest */,
				F0F24FE62D7854590082D068 /* DietDice-v2UITests.xctest */,
			);
			name = Products;
			sourceTree = "<group>";
		};
/* End PBXGroup section */

/* Begin PBXNativeTarget section */
		F0F24FCB2D7854590082D068 /* DietDice-v2 */ = {
			isa = PBXNativeTarget;
			buildConfigurationList = F0F24FF02D78545A0082D068 /* Build configuration list for PBXNativeTarget "DietDice-v2" */;
			buildPhases = (
				F0F24FC82D7854590082D068 /* Sources */,
				F0F24FC92D7854590082D068 /* Frameworks */,
				F0F24FCA2D7854590082D068 /* Resources */,
			);
			buildRules = (
			);
			dependencies = (
			);
			fileSystemSynchronizedGroups = (
				F0F24FCE2D7854590082D068 /* DietDice-v2 */,
			);
			name = "DietDice-v2";
			packageProductDependencies = (
				F0F24FFC2D7865F80082D068 /* AWSCognitoAuthPlugin */,
				F0F24FFE2D7865F80082D068 /* Amplify */,
				F0F250012D7866440082D068 /* Authenticator */,
			);
			productName = "DietDice-v2";
			productReference = F0F24FCC2D7854590082D068 /* DietDice-v2.app */;
			productType = "com.apple.product-type.application";
		};
		F0F24FDB2D7854590082D068 /* DietDice-v2Tests */ = {
			isa = PBXNativeTarget;
			buildConfigurationList = F0F24FF32D78545A0082D068 /* Build configuration list for PBXNativeTarget "DietDice-v2Tests" */;
			buildPhases = (
				F0F24FD82D7854590082D068 /* Sources */,
				F0F24FD92D7854590082D068 /* Frameworks */,
				F0F24FDA2D7854590082D068 /* Resources */,
			);
			buildRules = (
			);
			dependencies = (
				F0F24FDE2D7854590082D068 /* PBXTargetDependency */,
			);
			fileSystemSynchronizedGroups = (
				F0F24FDF2D7854590082D068 /* DietDice-v2Tests */,
			);
			name = "DietDice-v2Tests";
			packageProductDependencies = (
			);
			productName = "DietDice-v2Tests";
			productReference = F0F24FDC2D7854590082D068 /* DietDice-v2Tests.xctest */;
			productType = "com.apple.product-type.bundle.unit-test";
		};
		F0F24FE52D7854590082D068 /* DietDice-v2UITests */ = {
			isa = PBXNativeTarget;
			buildConfigurationList = F0F24FF62D78545A0082D068 /* Build configuration list for PBXNativeTarget "DietDice-v2UITests" */;
			buildPhases = (
				F0F24FE22D7854590082D068 /* Sources */,
				F0F24FE32D7854590082D068 /* Frameworks */,
				F0F24FE42D7854590082D068 /* Resources */,
			);
			buildRules = (
			);
			dependencies = (
				F0F24FE82D7854590082D068 /* PBXTargetDependency */,
			);
			fileSystemSynchronizedGroups = (
				F0F24FE92D7854590082D068 /* DietDice-v2UITests */,
			);
			name = "DietDice-v2UITests";
			packageProductDependencies = (
			);
			productName = "DietDice-v2UITests";
			productReference = F0F24FE62D7854590082D068 /* DietDice-v2UITests.xctest */;
			productType = "com.apple.product-type.bundle.ui-testing";
		};
/* End PBXNativeTarget section */

/* Begin PBXProject section */
		F0F24FC42D7854590082D068 /* Project object */ = {
			isa = PBXProject;
			attributes = {
				BuildIndependentTargetsInParallel = 1;
				LastSwiftUpdateCheck = 1620;
				LastUpgradeCheck = 1620;
				TargetAttributes = {
					F0F24FCB2D7854590082D068 = {
						CreatedOnToolsVersion = 16.2;
					};
					F0F24FDB2D7854590082D068 = {
						CreatedOnToolsVersion = 16.2;
						TestTargetID = F0F24FCB2D7854590082D068;
					};
					F0F24FE52D7854590082D068 = {
						CreatedOnToolsVersion = 16.2;
						TestTargetID = F0F24FCB2D7854590082D068;
					};
				};
			};
			buildConfigurationList = F0F24FC72D7854590082D068 /* Build configuration list for PBXProject "DietDice-v2" */;
			developmentRegion = en;
			hasScannedForEncodings = 0;
			knownRegions = (
				en,
				Base,
			);
			mainGroup = F0F24FC32D7854590082D068;
			minimizedProjectReferenceProxies = 1;
			packageReferences = (
				F0F24FFB2D7865F80082D068 /* XCRemoteSwiftPackageReference "amplify-swift" */,
				F0F250002D7866440082D068 /* XCRemoteSwiftPackageReference "amplify-ui-swift-authenticator" */,
			);
			preferredProjectObjectVersion = 77;
			productRefGroup = F0F24FCD2D7854590082D068 /* Products */;
			projectDirPath = "";
			projectRoot = "";
			targets = (
				F0F24FCB2D7854590082D068 /* DietDice-v2 */,
				F0F24FDB2D7854590082D068 /* DietDice-v2Tests */,
				F0F24FE52D7854590082D068 /* DietDice-v2UITests */,
			);
		};
/* End PBXProject section */

/* Begin PBXResourcesBuildPhase section */
		F0F24FCA2D7854590082D068 /* Resources */ = {
			isa = PBXResourcesBuildPhase;
			buildActionMask = 2147483647;
			files = (
				F0F24FFA2D7865B90082D068 /* amplify_outputs.json in Resources */,
			);
			runOnlyForDeploymentPostprocessing = 0;
		};
		F0F24FDA2D7854590082D068 /* Resources */ = {
			isa = PBXResourcesBuildPhase;
			buildActionMask = 2147483647;
			files = (
			);
			runOnlyForDeploymentPostprocessing = 0;
		};
		F0F24FE42D7854590082D068 /* Resources */ = {
			isa = PBXResourcesBuildPhase;
			buildActionMask = 2147483647;
			files = (
			);
			runOnlyForDeploymentPostprocessing = 0;
		};
/* End PBXResourcesBuildPhase section */

/* Begin PBXSourcesBuildPhase section */
		F0F24FC82D7854590082D068 /* Sources */ = {
			isa = PBXSourcesBuildPhase;
			buildActionMask = 2147483647;
			files = (
			);
			runOnlyForDeploymentPostprocessing = 0;
		};
		F0F24FD82D7854590082D068 /* Sources */ = {
			isa = PBXSourcesBuildPhase;
			buildActionMask = 2147483647;
			files = (
			);
			runOnlyForDeploymentPostprocessing = 0;
		};
		F0F24FE22D7854590082D068 /* Sources */ = {
			isa = PBXSourcesBuildPhase;
			buildActionMask = 2147483647;
			files = (
			);
			runOnlyForDeploymentPostprocessing = 0;
		};
/* End PBXSourcesBuildPhase section */

/* Begin PBXTargetDependency section */
		F0F24FDE2D7854590082D068 /* PBXTargetDependency */ = {
			isa = PBXTargetDependency;
			target = F0F24FCB2D7854590082D068 /* DietDice-v2 */;
			targetProxy = F0F24FDD2D7854590082D068 /* PBXContainerItemProxy */;
		};
		F0F24FE82D7854590082D068 /* PBXTargetDependency */ = {
			isa = PBXTargetDependency;
			target = F0F24FCB2D7854590082D068 /* DietDice-v2 */;
			targetProxy = F0F24FE72D7854590082D068 /* PBXContainerItemProxy */;
		};
/* End PBXTargetDependency section */

/* Begin XCBuildConfiguration section */
		F0F24FEE2D78545A0082D068 /* Debug */ = {
			isa = XCBuildConfiguration;
			buildSettings = {
				ALWAYS_SEARCH_USER_PATHS = NO;
				ASSETCATALOG_COMPILER_GENERATE_SWIFT_ASSET_SYMBOL_EXTENSIONS = YES;
				CLANG_ANALYZER_NONNULL = YES;
				CLANG_ANALYZER_NUMBER_OBJECT_CONVERSION = YES_AGGRESSIVE;
				CLANG_CXX_LANGUAGE_STANDARD = "gnu++20";
				CLANG_ENABLE_MODULES = YES;
				CLANG_ENABLE_OBJC_ARC = YES;
				CLANG_ENABLE_OBJC_WEAK = YES;
				CLANG_WARN_BLOCK_CAPTURE_AUTORELEASING = YES;
				CLANG_WARN_BOOL_CONVERSION = YES;
				CLANG_WARN_COMMA = YES;
				CLANG_WARN_CONSTANT_CONVERSION = YES;
				CLANG_WARN_DEPRECATED_OBJC_IMPLEMENTATIONS = YES;
				CLANG_WARN_DIRECT_OBJC_ISA_USAGE = YES_ERROR;
				CLANG_WARN_DOCUMENTATION_COMMENTS = YES;
				CLANG_WARN_EMPTY_BODY = YES;
				CLANG_WARN_ENUM_CONVERSION = YES;
				CLANG_WARN_INFINITE_RECURSION = YES;
				CLANG_WARN_INT_CONVERSION = YES;
				CLANG_WARN_NON_LITERAL_NULL_CONVERSION = YES;
				CLANG_WARN_OBJC_IMPLICIT_RETAIN_SELF = YES;
				CLANG_WARN_OBJC_LITERAL_CONVERSION = YES;
				CLANG_WARN_OBJC_ROOT_CLASS = YES_ERROR;
				CLANG_WARN_QUOTED_INCLUDE_IN_FRAMEWORK_HEADER = YES;
				CLANG_WARN_RANGE_LOOP_ANALYSIS = YES;
				CLANG_WARN_STRICT_PROTOTYPES = YES;
				CLANG_WARN_SUSPICIOUS_MOVE = YES;
				CLANG_WARN_UNGUARDED_AVAILABILITY = YES_AGGRESSIVE;
				CLANG_WARN_UNREACHABLE_CODE = YES;
				CLANG_WARN__DUPLICATE_METHOD_MATCH = YES;
				COPY_PHASE_STRIP = NO;
				DEBUG_INFORMATION_FORMAT = dwarf;
				ENABLE_STRICT_OBJC_MSGSEND = YES;
				ENABLE_TESTABILITY = YES;
				ENABLE_USER_SCRIPT_SANDBOXING = YES;
				GCC_C_LANGUAGE_STANDARD = gnu17;
				GCC_DYNAMIC_NO_PIC = NO;
				GCC_NO_COMMON_BLOCKS = YES;
				GCC_OPTIMIZATION_LEVEL = 0;
				GCC_PREPROCESSOR_DEFINITIONS = (
					"DEBUG=1",
					"$(inherited)",
				);
				GCC_WARN_64_TO_32_BIT_CONVERSION = YES;
				GCC_WARN_ABOUT_RETURN_TYPE = YES_ERROR;
				GCC_WARN_UNDECLARED_SELECTOR = YES;
				GCC_WARN_UNINITIALIZED_AUTOS = YES_AGGRESSIVE;
				GCC_WARN_UNUSED_FUNCTION = YES;
				GCC_WARN_UNUSED_VARIABLE = YES;
				IPHONEOS_DEPLOYMENT_TARGET = 18.2;
				LOCALIZATION_PREFERS_STRING_CATALOGS = YES;
				MTL_ENABLE_DEBUG_INFO = INCLUDE_SOURCE;
				MTL_FAST_MATH = YES;
				ONLY_ACTIVE_ARCH = YES;
				SDKROOT = iphoneos;
				SWIFT_ACTIVE_COMPILATION_CONDITIONS = "DEBUG $(inherited)";
				SWIFT_OPTIMIZATION_LEVEL = "-Onone";
			};
			name = Debug;
		};
		F0F24FEF2D78545A0082D068 /* Release */ = {
			isa = XCBuildConfiguration;
			buildSettings = {
				ALWAYS_SEARCH_USER_PATHS = NO;
				ASSETCATALOG_COMPILER_GENERATE_SWIFT_ASSET_SYMBOL_EXTENSIONS = YES;
				CLANG_ANALYZER_NONNULL = YES;
				CLANG_ANALYZER_NUMBER_OBJECT_CONVERSION = YES_AGGRESSIVE;
				CLANG_CXX_LANGUAGE_STANDARD = "gnu++20";
				CLANG_ENABLE_MODULES = YES;
				CLANG_ENABLE_OBJC_ARC = YES;
				CLANG_ENABLE_OBJC_WEAK = YES;
				CLANG_WARN_BLOCK_CAPTURE_AUTORELEASING = YES;
				CLANG_WARN_BOOL_CONVERSION = YES;
				CLANG_WARN_COMMA = YES;
				CLANG_WARN_CONSTANT_CONVERSION = YES;
				CLANG_WARN_DEPRECATED_OBJC_IMPLEMENTATIONS = YES;
				CLANG_WARN_DIRECT_OBJC_ISA_USAGE = YES_ERROR;
				CLANG_WARN_DOCUMENTATION_COMMENTS = YES;
				CLANG_WARN_EMPTY_BODY = YES;
				CLANG_WARN_ENUM_CONVERSION = YES;
				CLANG_WARN_INFINITE_RECURSION = YES;
				CLANG_WARN_INT_CONVERSION = YES;
				CLANG_WARN_NON_LITERAL_NULL_CONVERSION = YES;
				CLANG_WARN_OBJC_IMPLICIT_RETAIN_SELF = YES;
				CLANG_WARN_OBJC_LITERAL_CONVERSION = YES;
				CLANG_WARN_OBJC_ROOT_CLASS = YES_ERROR;
				CLANG_WARN_QUOTED_INCLUDE_IN_FRAMEWORK_HEADER = YES;
				CLANG_WARN_RANGE_LOOP_ANALYSIS = YES;
				CLANG_WARN_STRICT_PROTOTYPES = YES;
				CLANG_WARN_SUSPICIOUS_MOVE = YES;
				CLANG_WARN_UNGUARDED_AVAILABILITY = YES_AGGRESSIVE;
				CLANG_WARN_UNREACHABLE_CODE = YES;
				CLANG_WARN__DUPLICATE_METHOD_MATCH = YES;
				COPY_PHASE_STRIP = NO;
				DEBUG_INFORMATION_FORMAT = "dwarf-with-dsym";
				ENABLE_NS_ASSERTIONS = NO;
				ENABLE_STRICT_OBJC_MSGSEND = YES;
				ENABLE_USER_SCRIPT_SANDBOXING = YES;
				GCC_C_LANGUAGE_STANDARD = gnu17;
				GCC_NO_COMMON_BLOCKS = YES;
				GCC_WARN_64_TO_32_BIT_CONVERSION = YES;
				GCC_WARN_ABOUT_RETURN_TYPE = YES_ERROR;
				GCC_WARN_UNDECLARED_SELECTOR = YES;
				GCC_WARN_UNINITIALIZED_AUTOS = YES_AGGRESSIVE;
				GCC_WARN_UNUSED_FUNCTION = YES;
				GCC_WARN_UNUSED_VARIABLE = YES;
				IPHONEOS_DEPLOYMENT_TARGET = 18.2;
				LOCALIZATION_PREFERS_STRING_CATALOGS = YES;
				MTL_ENABLE_DEBUG_INFO = NO;
				MTL_FAST_MATH = YES;
				SDKROOT = iphoneos;
				SWIFT_COMPILATION_MODE = wholemodule;
				VALIDATE_PRODUCT = YES;
			};
			name = Release;
		};
		F0F24FF12D78545A0082D068 /* Debug */ = {
			isa = XCBuildConfiguration;
			buildSettings = {
				ASSETCATALOG_COMPILER_APPICON_NAME = AppIcon;
				ASSETCATALOG_COMPILER_GLOBAL_ACCENT_COLOR_NAME = AccentColor;
				CODE_SIGN_STYLE = Automatic;
				CURRENT_PROJECT_VERSION = 1;
				DEVELOPMENT_ASSET_PATHS = "\"DietDice-v2/Preview Content\"";
				ENABLE_PREVIEWS = YES;
				GENERATE_INFOPLIST_FILE = YES;
				INFOPLIST_KEY_UIApplicationSceneManifest_Generation = YES;
				INFOPLIST_KEY_UIApplicationSupportsIndirectInputEvents = YES;
				INFOPLIST_KEY_UILaunchScreen_Generation = YES;
				INFOPLIST_KEY_UISupportedInterfaceOrientations_iPad = "UIInterfaceOrientationPortrait UIInterfaceOrientationPortraitUpsideDown UIInterfaceOrientationLandscapeLeft UIInterfaceOrientationLandscapeRight";
				INFOPLIST_KEY_UISupportedInterfaceOrientations_iPhone = "UIInterfaceOrientationPortrait UIInterfaceOrientationLandscapeLeft UIInterfaceOrientationLandscapeRight";
				LD_RUNPATH_SEARCH_PATHS = (
					"$(inherited)",
					"@executable_path/Frameworks",
				);
				MARKETING_VERSION = 1.0;
				PRODUCT_BUNDLE_IDENTIFIER = "com.dairouwang.DietDice-v2";
				PRODUCT_NAME = "$(TARGET_NAME)";
				SWIFT_EMIT_LOC_STRINGS = YES;
				SWIFT_VERSION = 5.0;
				TARGETED_DEVICE_FAMILY = "1,2";
			};
			name = Debug;
		};
		F0F24FF22D78545A0082D068 /* Release */ = {
			isa = XCBuildConfiguration;
			buildSettings = {
				ASSETCATALOG_COMPILER_APPICON_NAME = AppIcon;
				ASSETCATALOG_COMPILER_GLOBAL_ACCENT_COLOR_NAME = AccentColor;
				CODE_SIGN_STYLE = Automatic;
				CURRENT_PROJECT_VERSION = 1;
				DEVELOPMENT_ASSET_PATHS = "\"DietDice-v2/Preview Content\"";
				ENABLE_PREVIEWS = YES;
				GENERATE_INFOPLIST_FILE = YES;
				INFOPLIST_KEY_UIApplicationSceneManifest_Generation = YES;
				INFOPLIST_KEY_UIApplicationSupportsIndirectInputEvents = YES;
				INFOPLIST_KEY_UILaunchScreen_Generation = YES;
				INFOPLIST_KEY_UISupportedInterfaceOrientations_iPad = "UIInterfaceOrientationPortrait UIInterfaceOrientationPortraitUpsideDown UIInterfaceOrientationLandscapeLeft UIInterfaceOrientationLandscapeRight";
				INFOPLIST_KEY_UISupportedInterfaceOrientations_iPhone = "UIInterfaceOrientationPortrait UIInterfaceOrientationLandscapeLeft UIInterfaceOrientationLandscapeRight";
				LD_RUNPATH_SEARCH_PATHS = (
					"$(inherited)",
					"@executable_path/Frameworks",
				);
				MARKETING_VERSION = 1.0;
				PRODUCT_BUNDLE_IDENTIFIER = "com.dairouwang.DietDice-v2";
				PRODUCT_NAME = "$(TARGET_NAME)";
				SWIFT_EMIT_LOC_STRINGS = YES;
				SWIFT_VERSION = 5.0;
				TARGETED_DEVICE_FAMILY = "1,2";
			};
			name = Release;
		};
		F0F24FF42D78545A0082D068 /* Debug */ = {
			isa = XCBuildConfiguration;
			buildSettings = {
				BUNDLE_LOADER = "$(TEST_HOST)";
				CODE_SIGN_STYLE = Automatic;
				CURRENT_PROJECT_VERSION = 1;
				GENERATE_INFOPLIST_FILE = YES;
				IPHONEOS_DEPLOYMENT_TARGET = 18.2;
				MARKETING_VERSION = 1.0;
				PRODUCT_BUNDLE_IDENTIFIER = "com.dairouwang.DietDice-v2Tests";
				PRODUCT_NAME = "$(TARGET_NAME)";
				SWIFT_EMIT_LOC_STRINGS = NO;
				SWIFT_VERSION = 5.0;
				TARGETED_DEVICE_FAMILY = "1,2";
				TEST_HOST = "$(BUILT_PRODUCTS_DIR)/DietDice-v2.app/$(BUNDLE_EXECUTABLE_FOLDER_PATH)/DietDice-v2";
			};
			name = Debug;
		};
		F0F24FF52D78545A0082D068 /* Release */ = {
			isa = XCBuildConfiguration;
			buildSettings = {
				BUNDLE_LOADER = "$(TEST_HOST)";
				CODE_SIGN_STYLE = Automatic;
				CURRENT_PROJECT_VERSION = 1;
				GENERATE_INFOPLIST_FILE = YES;
				IPHONEOS_DEPLOYMENT_TARGET = 18.2;
				MARKETING_VERSION = 1.0;
				PRODUCT_BUNDLE_IDENTIFIER = "com.dairouwang.DietDice-v2Tests";
				PRODUCT_NAME = "$(TARGET_NAME)";
				SWIFT_EMIT_LOC_STRINGS = NO;
				SWIFT_VERSION = 5.0;
				TARGETED_DEVICE_FAMILY = "1,2";
				TEST_HOST = "$(BUILT_PRODUCTS_DIR)/DietDice-v2.app/$(BUNDLE_EXECUTABLE_FOLDER_PATH)/DietDice-v2";
			};
			name = Release;
		};
		F0F24FF72D78545A0082D068 /* Debug */ = {
			isa = XCBuildConfiguration;
			buildSettings = {
				CODE_SIGN_STYLE = Automatic;
				CURRENT_PROJECT_VERSION = 1;
				GENERATE_INFOPLIST_FILE = YES;
				MARKETING_VERSION = 1.0;
				PRODUCT_BUNDLE_IDENTIFIER = "com.dairouwang.DietDice-v2UITests";
				PRODUCT_NAME = "$(TARGET_NAME)";
				SWIFT_EMIT_LOC_STRINGS = NO;
				SWIFT_VERSION = 5.0;
				TARGETED_DEVICE_FAMILY = "1,2";
				TEST_TARGET_NAME = "DietDice-v2";
			};
			name = Debug;
		};
		F0F24FF82D78545A0082D068 /* Release */ = {
			isa = XCBuildConfiguration;
			buildSettings = {
				CODE_SIGN_STYLE = Automatic;
				CURRENT_PROJECT_VERSION = 1;
				GENERATE_INFOPLIST_FILE = YES;
				MARKETING_VERSION = 1.0;
				PRODUCT_BUNDLE_IDENTIFIER = "com.dairouwang.DietDice-v2UITests";
				PRODUCT_NAME = "$(TARGET_NAME)";
				SWIFT_EMIT_LOC_STRINGS = NO;
				SWIFT_VERSION = 5.0;
				TARGETED_DEVICE_FAMILY = "1,2";
				TEST_TARGET_NAME = "DietDice-v2";
			};
			name = Release;
		};
/* End XCBuildConfiguration section */

/* Begin XCConfigurationList section */
		F0F24FC72D7854590082D068 /* Build configuration list for PBXProject "DietDice-v2" */ = {
			isa = XCConfigurationList;
			buildConfigurations = (
				F0F24FEE2D78545A0082D068 /* Debug */,
				F0F24FEF2D78545A0082D068 /* Release */,
			);
			defaultConfigurationIsVisible = 0;
			defaultConfigurationName = Release;
		};
		F0F24FF02D78545A0082D068 /* Build configuration list for PBXNativeTarget "DietDice-v2" */ = {
			isa = XCConfigurationList;
			buildConfigurations = (
				F0F24FF12D78545A0082D068 /* Debug */,
				F0F24FF22D78545A0082D068 /* Release */,
			);
			defaultConfigurationIsVisible = 0;
			defaultConfigurationName = Release;
		};
		F0F24FF32D78545A0082D068 /* Build configuration list for PBXNativeTarget "DietDice-v2Tests" */ = {
			isa = XCConfigurationList;
			buildConfigurations = (
				F0F24FF42D78545A0082D068 /* Debug */,
				F0F24FF52D78545A0082D068 /* Release */,
			);
			defaultConfigurationIsVisible = 0;
			defaultConfigurationName = Release;
		};
		F0F24FF62D78545A0082D068 /* Build configuration list for PBXNativeTarget "DietDice-v2UITests" */ = {
			isa = XCConfigurationList;
			buildConfigurations = (
				F0F24FF72D78545A0082D068 /* Debug */,
				F0F24FF82D78545A0082D068 /* Release */,
			);
			defaultConfigurationIsVisible = 0;
			defaultConfigurationName = Release;
		};
/* End XCConfigurationList section */

/* Begin XCRemoteSwiftPackageReference section */
		F0F24FFB2D7865F80082D068 /* XCRemoteSwiftPackageReference "amplify-swift" */ = {
			isa = XCRemoteSwiftPackageReference;
			repositoryURL = "https://github.com/aws-amplify/amplify-swift";
			requirement = {
				kind = upToNextMajorVersion;
				minimumVersion = 2.46.0;
			};
		};
		F0F250002D7866440082D068 /* XCRemoteSwiftPackageReference "amplify-ui-swift-authenticator" */ = {
			isa = XCRemoteSwiftPackageReference;
			repositoryURL = "https://github.com/aws-amplify/amplify-ui-swift-authenticator";
			requirement = {
				kind = upToNextMajorVersion;
				minimumVersion = 1.2.3;
			};
		};
/* End XCRemoteSwiftPackageReference section */

/* Begin XCSwiftPackageProductDependency section */
		F0F24FFC2D7865F80082D068 /* AWSCognitoAuthPlugin */ = {
			isa = XCSwiftPackageProductDependency;
			package = F0F24FFB2D7865F80082D068 /* XCRemoteSwiftPackageReference "amplify-swift" */;
			productName = AWSCognitoAuthPlugin;
		};
		F0F24FFE2D7865F80082D068 /* Amplify */ = {
			isa = XCSwiftPackageProductDependency;
			package = F0F24FFB2D7865F80082D068 /* XCRemoteSwiftPackageReference "amplify-swift" */;
			productName = Amplify;
		};
		F0F250012D7866440082D068 /* Authenticator */ = {
			isa = XCSwiftPackageProductDependency;
			package = F0F250002D7866440082D068 /* XCRemoteSwiftPackageReference "amplify-ui-swift-authenticator" */;
			productName = Authenticator;
		};
/* End XCSwiftPackageProductDependency section */
	};
	rootObject = F0F24FC42D7854590082D068 /* Project object */;
}
